// !$*UTF8*$!
{
	archiveVersion = 1;
	classes = {
	};
	objectVersion = 55;
	objects = {

/* Begin PBXBuildFile section */
		2C365CF9286B641000A0A79C /* SaveTheKitttenExceptTheHairlessOnesApp.swift in Sources */ = {isa = PBXBuildFile; fileRef = 2C365CF8286B641000A0A79C /* SaveTheKitttenExceptTheHairlessOnesApp.swift */; };
		2C365CFB286B641000A0A79C /* ContentView.swift in Sources */ = {isa = PBXBuildFile; fileRef = 2C365CFA286B641000A0A79C /* ContentView.swift */; };
		2C365CFD286B641300A0A79C /* Assets.xcassets in Resources */ = {isa = PBXBuildFile; fileRef = 2C365CFC286B641300A0A79C /* Assets.xcassets */; };
		2C365D00286B641300A0A79C /* Preview Assets.xcassets in Resources */ = {isa = PBXBuildFile; fileRef = 2C365CFF286B641300A0A79C /* Preview Assets.xcassets */; };
		2C365D0A286B641300A0A79C /* SaveTheKitttenExceptTheHairlessOnesTests.swift in Sources */ = {isa = PBXBuildFile; fileRef = 2C365D09286B641300A0A79C /* SaveTheKitttenExceptTheHairlessOnesTests.swift */; };
		2C365D14286B641300A0A79C /* SaveTheKitttenExceptTheHairlessOnesUITests.swift in Sources */ = {isa = PBXBuildFile; fileRef = 2C365D13286B641300A0A79C /* SaveTheKitttenExceptTheHairlessOnesUITests.swift */; };
		2C365D16286B641300A0A79C /* SaveTheKitttenExceptTheHairlessOnesUITestsLaunchTests.swift in Sources */ = {isa = PBXBuildFile; fileRef = 2C365D15286B641300A0A79C /* SaveTheKitttenExceptTheHairlessOnesUITestsLaunchTests.swift */; };
/* End PBXBuildFile section */

/* Begin PBXContainerItemProxy section */
		2C365D06286B641300A0A79C /* PBXContainerItemProxy */ = {
			isa = PBXContainerItemProxy;
			containerPortal = 2C365CED286B641000A0A79C /* Project object */;
			proxyType = 1;
			remoteGlobalIDString = 2C365CF4286B641000A0A79C;
			remoteInfo = SaveTheKitttenExceptTheHairlessOnes;
		};
		2C365D10286B641300A0A79C /* PBXContainerItemProxy */ = {
			isa = PBXContainerItemProxy;
			containerPortal = 2C365CED286B641000A0A79C /* Project object */;
			proxyType = 1;
			remoteGlobalIDString = 2C365CF4286B641000A0A79C;
			remoteInfo = SaveTheKitttenExceptTheHairlessOnes;
		};
/* End PBXContainerItemProxy section */

/* Begin PBXFileReference section */
		2C365CF5286B641000A0A79C /* SaveTheKitttenExceptTheHairlessOnes.app */ = {isa = PBXFileReference; explicitFileType = wrapper.application; includeInIndex = 0; path = SaveTheKitttenExceptTheHairlessOnes.app; sourceTree = BUILT_PRODUCTS_DIR; };
		2C365CF8286B641000A0A79C /* SaveTheKitttenExceptTheHairlessOnesApp.swift */ = {isa = PBXFileReference; lastKnownFileType = sourcecode.swift; path = SaveTheKitttenExceptTheHairlessOnesApp.swift; sourceTree = "<group>"; };
		2C365CFA286B641000A0A79C /* ContentView.swift */ = {isa = PBXFileReference; lastKnownFileType = sourcecode.swift; path = ContentView.swift; sourceTree = "<group>"; };
		2C365CFC286B641300A0A79C /* Assets.xcassets */ = {isa = PBXFileReference; lastKnownFileType = folder.assetcatalog; path = Assets.xcassets; sourceTree = "<group>"; };
		2C365CFF286B641300A0A79C /* Preview Assets.xcassets */ = {isa = PBXFileReference; lastKnownFileType = folder.assetcatalog; path = "Preview Assets.xcassets"; sourceTree = "<group>"; };
		2C365D05286B641300A0A79C /* SaveTheKitttenExceptTheHairlessOnesTests.xctest */ = {isa = PBXFileReference; explicitFileType = wrapper.cfbundle; includeInIndex = 0; path = SaveTheKitttenExceptTheHairlessOnesTests.xctest; sourceTree = BUILT_PRODUCTS_DIR; };
		2C365D09286B641300A0A79C /* SaveTheKitttenExceptTheHairlessOnesTests.swift */ = {isa = PBXFileReference; lastKnownFileType = sourcecode.swift; path = SaveTheKitttenExceptTheHairlessOnesTests.swift; sourceTree = "<group>"; };
		2C365D0F286B641300A0A79C /* SaveTheKitttenExceptTheHairlessOnesUITests.xctest */ = {isa = PBXFileReference; explicitFileType = wrapper.cfbundle; includeInIndex = 0; path = SaveTheKitttenExceptTheHairlessOnesUITests.xctest; sourceTree = BUILT_PRODUCTS_DIR; };
		2C365D13286B641300A0A79C /* SaveTheKitttenExceptTheHairlessOnesUITests.swift */ = {isa = PBXFileReference; lastKnownFileType = sourcecode.swift; path = SaveTheKitttenExceptTheHairlessOnesUITests.swift; sourceTree = "<group>"; };
		2C365D15286B641300A0A79C /* SaveTheKitttenExceptTheHairlessOnesUITestsLaunchTests.swift */ = {isa = PBXFileReference; lastKnownFileType = sourcecode.swift; path = SaveTheKitttenExceptTheHairlessOnesUITestsLaunchTests.swift; sourceTree = "<group>"; };
/* End PBXFileReference section */

/* Begin PBXFrameworksBuildPhase section */
		2C365CF2286B641000A0A79C /* Frameworks */ = {
			isa = PBXFrameworksBuildPhase;
			buildActionMask = 2147483647;
			files = (
			);
			runOnlyForDeploymentPostprocessing = 0;
		};
		2C365D02286B641300A0A79C /* Frameworks */ = {
			isa = PBXFrameworksBuildPhase;
			buildActionMask = 2147483647;
			files = (
			);
			runOnlyForDeploymentPostprocessing = 0;
		};
		2C365D0C286B641300A0A79C /* Frameworks */ = {
			isa = PBXFrameworksBuildPhase;
			buildActionMask = 2147483647;
			files = (
			);
			runOnlyForDeploymentPostprocessing = 0;
		};
/* End PBXFrameworksBuildPhase section */

/* Begin PBXGroup section */
		2C365CEC286B641000A0A79C = {
			isa = PBXGroup;
			children = (
				2C365CF7286B641000A0A79C /* SaveTheKitttenExceptTheHairlessOnes */,
				2C365D08286B641300A0A79C /* SaveTheKitttenExceptTheHairlessOnesTests */,
				2C365D12286B641300A0A79C /* SaveTheKitttenExceptTheHairlessOnesUITests */,
				2C365CF6286B641000A0A79C /* Products */,
			);
			sourceTree = "<group>";
		};
		2C365CF6286B641000A0A79C /* Products */ = {
			isa = PBXGroup;
			children = (
				2C365CF5286B641000A0A79C /* SaveTheKitttenExceptTheHairlessOnes.app */,
				2C365D05286B641300A0A79C /* SaveTheKitttenExceptTheHairlessOnesTests.xctest */,
				2C365D0F286B641300A0A79C /* SaveTheKitttenExceptTheHairlessOnesUITests.xctest */,
			);
			name = Products;
			sourceTree = "<group>";
		};
		2C365CF7286B641000A0A79C /* SaveTheKitttenExceptTheHairlessOnes */ = {
			isa = PBXGroup;
			children = (
				2C365CF8286B641000A0A79C /* SaveTheKitttenExceptTheHairlessOnesApp.swift */,
				2C365CFA286B641000A0A79C /* ContentView.swift */,
				2C365CFC286B641300A0A79C /* Assets.xcassets */,
				2C365CFE286B641300A0A79C /* Preview Content */,
			);
			path = SaveTheKitttenExceptTheHairlessOnes;
			sourceTree = "<group>";
		};
		2C365CFE286B641300A0A79C /* Preview Content */ = {
			isa = PBXGroup;
			children = (
				2C365CFF286B641300A0A79C /* Preview Assets.xcassets */,
			);
			path = "Preview Content";
			sourceTree = "<group>";
		};
		2C365D08286B641300A0A79C /* SaveTheKitttenExceptTheHairlessOnesTests */ = {
			isa = PBXGroup;
			children = (
				2C365D09286B641300A0A79C /* SaveTheKitttenExceptTheHairlessOnesTests.swift */,
			);
			path = SaveTheKitttenExceptTheHairlessOnesTests;
			sourceTree = "<group>";
		};
		2C365D12286B641300A0A79C /* SaveTheKitttenExceptTheHairlessOnesUITests */ = {
			isa = PBXGroup;
			children = (
				2C365D13286B641300A0A79C /* SaveTheKitttenExceptTheHairlessOnesUITests.swift */,
				2C365D15286B641300A0A79C /* SaveTheKitttenExceptTheHairlessOnesUITestsLaunchTests.swift */,
			);
			path = SaveTheKitttenExceptTheHairlessOnesUITests;
			sourceTree = "<group>";
		};
/* End PBXGroup section */

/* Begin PBXNativeTarget section */
		2C365CF4286B641000A0A79C /* SaveTheKitttenExceptTheHairlessOnes */ = {
			isa = PBXNativeTarget;
			buildConfigurationList = 2C365D19286B641300A0A79C /* Build configuration list for PBXNativeTarget "SaveTheKitttenExceptTheHairlessOnes" */;
			buildPhases = (
				2C365CF1286B641000A0A79C /* Sources */,
				2C365CF2286B641000A0A79C /* Frameworks */,
				2C365CF3286B641000A0A79C /* Resources */,
			);
			buildRules = (
			);
			dependencies = (
			);
			name = SaveTheKitttenExceptTheHairlessOnes;
			productName = SaveTheKitttenExceptTheHairlessOnes;
			productReference = 2C365CF5286B641000A0A79C /* SaveTheKitttenExceptTheHairlessOnes.app */;
			productType = "com.apple.product-type.application";
		};
		2C365D04286B641300A0A79C /* SaveTheKitttenExceptTheHairlessOnesTests */ = {
			isa = PBXNativeTarget;
			buildConfigurationList = 2C365D1C286B641300A0A79C /* Build configuration list for PBXNativeTarget "SaveTheKitttenExceptTheHairlessOnesTests" */;
			buildPhases = (
				2C365D01286B641300A0A79C /* Sources */,
				2C365D02286B641300A0A79C /* Frameworks */,
				2C365D03286B641300A0A79C /* Resources */,
			);
			buildRules = (
			);
			dependencies = (
				2C365D07286B641300A0A79C /* PBXTargetDependency */,
			);
			name = SaveTheKitttenExceptTheHairlessOnesTests;
			productName = SaveTheKitttenExceptTheHairlessOnesTests;
			productReference = 2C365D05286B641300A0A79C /* SaveTheKitttenExceptTheHairlessOnesTests.xctest */;
			productType = "com.apple.product-type.bundle.unit-test";
		};
		2C365D0E286B641300A0A79C /* SaveTheKitttenExceptTheHairlessOnesUITests */ = {
			isa = PBXNativeTarget;
			buildConfigurationList = 2C365D1F286B641300A0A79C /* Build configuration list for PBXNativeTarget "SaveTheKitttenExceptTheHairlessOnesUITests" */;
			buildPhases = (
				2C365D0B286B641300A0A79C /* Sources */,
				2C365D0C286B641300A0A79C /* Frameworks */,
				2C365D0D286B641300A0A79C /* Resources */,
			);
			buildRules = (
			);
			dependencies = (
				2C365D11286B641300A0A79C /* PBXTargetDependency */,
			);
			name = SaveTheKitttenExceptTheHairlessOnesUITests;
			productName = SaveTheKitttenExceptTheHairlessOnesUITests;
			productReference = 2C365D0F286B641300A0A79C /* SaveTheKitttenExceptTheHairlessOnesUITests.xctest */;
			productType = "com.apple.product-type.bundle.ui-testing";
		};
/* End PBXNativeTarget section */

/* Begin PBXProject section */
		2C365CED286B641000A0A79C /* Project object */ = {
			isa = PBXProject;
			attributes = {
				BuildIndependentTargetsInParallel = 1;
				LastSwiftUpdateCheck = 1340;
				LastUpgradeCheck = 1340;
				TargetAttributes = {
					2C365CF4286B641000A0A79C = {
						CreatedOnToolsVersion = 13.4.1;
					};
					2C365D04286B641300A0A79C = {
						CreatedOnToolsVersion = 13.4.1;
						TestTargetID = 2C365CF4286B641000A0A79C;
					};
					2C365D0E286B641300A0A79C = {
						CreatedOnToolsVersion = 13.4.1;
						TestTargetID = 2C365CF4286B641000A0A79C;
					};
				};
			};
			buildConfigurationList = 2C365CF0286B641000A0A79C /* Build configuration list for PBXProject "SaveTheKitttenExceptTheHairlessOnes" */;
			compatibilityVersion = "Xcode 13.0";
			developmentRegion = en;
			hasScannedForEncodings = 0;
			knownRegions = (
				en,
				Base,
			);
			mainGroup = 2C365CEC286B641000A0A79C;
			productRefGroup = 2C365CF6286B641000A0A79C /* Products */;
			projectDirPath = "";
			projectRoot = "";
			targets = (
				2C365CF4286B641000A0A79C /* SaveTheKitttenExceptTheHairlessOnes */,
				2C365D04286B641300A0A79C /* SaveTheKitttenExceptTheHairlessOnesTests */,
				2C365D0E286B641300A0A79C /* SaveTheKitttenExceptTheHairlessOnesUITests */,
			);
		};
/* End PBXProject section */

/* Begin PBXResourcesBuildPhase section */
		2C365CF3286B641000A0A79C /* Resources */ = {
			isa = PBXResourcesBuildPhase;
			buildActionMask = 2147483647;
			files = (
				2C365D00286B641300A0A79C /* Preview Assets.xcassets in Resources */,
				2C365CFD286B641300A0A79C /* Assets.xcassets in Resources */,
			);
			runOnlyForDeploymentPostprocessing = 0;
		};
		2C365D03286B641300A0A79C /* Resources */ = {
			isa = PBXResourcesBuildPhase;
			buildActionMask = 2147483647;
			files = (
			);
			runOnlyForDeploymentPostprocessing = 0;
		};
		2C365D0D286B641300A0A79C /* Resources */ = {
			isa = PBXResourcesBuildPhase;
			buildActionMask = 2147483647;
			files = (
			);
			runOnlyForDeploymentPostprocessing = 0;
		};
/* End PBXResourcesBuildPhase section */

/* Begin PBXSourcesBuildPhase section */
		2C365CF1286B641000A0A79C /* Sources */ = {
			isa = PBXSourcesBuildPhase;
			buildActionMask = 2147483647;
			files = (
				2C365CFB286B641000A0A79C /* ContentView.swift in Sources */,
				2C365CF9286B641000A0A79C /* SaveTheKitttenExceptTheHairlessOnesApp.swift in Sources */,
			);
			runOnlyForDeploymentPostprocessing = 0;
		};
		2C365D01286B641300A0A79C /* Sources */ = {
			isa = PBXSourcesBuildPhase;
			buildActionMask = 2147483647;
			files = (
				2C365D0A286B641300A0A79C /* SaveTheKitttenExceptTheHairlessOnesTests.swift in Sources */,
			);
			runOnlyForDeploymentPostprocessing = 0;
		};
		2C365D0B286B641300A0A79C /* Sources */ = {
			isa = PBXSourcesBuildPhase;
			buildActionMask = 2147483647;
			files = (
				2C365D16286B641300A0A79C /* SaveTheKitttenExceptTheHairlessOnesUITestsLaunchTests.swift in Sources */,
				2C365D14286B641300A0A79C /* SaveTheKitttenExceptTheHairlessOnesUITests.swift in Sources */,
			);
			runOnlyForDeploymentPostprocessing = 0;
		};
/* End PBXSourcesBuildPhase section */

/* Begin PBXTargetDependency section */
		2C365D07286B641300A0A79C /* PBXTargetDependency */ = {
			isa = PBXTargetDependency;
			target = 2C365CF4286B641000A0A79C /* SaveTheKitttenExceptTheHairlessOnes */;
			targetProxy = 2C365D06286B641300A0A79C /* PBXContainerItemProxy */;
		};
		2C365D11286B641300A0A79C /* PBXTargetDependency */ = {
			isa = PBXTargetDependency;
			target = 2C365CF4286B641000A0A79C /* SaveTheKitttenExceptTheHairlessOnes */;
			targetProxy = 2C365D10286B641300A0A79C /* PBXContainerItemProxy */;
		};
/* End PBXTargetDependency section */

/* Begin XCBuildConfiguration section */
		2C365D17286B641300A0A79C /* Debug */ = {
			isa = XCBuildConfiguration;
			buildSettings = {
				ALWAYS_SEARCH_USER_PATHS = NO;
				CLANG_ANALYZER_NONNULL = YES;
				CLANG_ANALYZER_NUMBER_OBJECT_CONVERSION = YES_AGGRESSIVE;
				CLANG_CXX_LANGUAGE_STANDARD = "gnu++17";
				CLANG_ENABLE_MODULES = YES;
				CLANG_ENABLE_OBJC_ARC = YES;
				CLANG_ENABLE_OBJC_WEAK = YES;
				CLANG_WARN_BLOCK_CAPTURE_AUTORELEASING = YES;
				CLANG_WARN_BOOL_CONVERSION = YES;
				CLANG_WARN_COMMA = YES;
				CLANG_WARN_CONSTANT_CONVERSION = YES;
				CLANG_WARN_DEPRECATED_OBJC_IMPLEMENTATIONS = YES;
				CLANG_WARN_DIRECT_OBJC_ISA_USAGE = YES_ERROR;
				CLANG_WARN_DOCUMENTATION_COMMENTS = YES;
				CLANG_WARN_EMPTY_BODY = YES;
				CLANG_WARN_ENUM_CONVERSION = YES;
				CLANG_WARN_INFINITE_RECURSION = YES;
				CLANG_WARN_INT_CONVERSION = YES;
				CLANG_WARN_NON_LITERAL_NULL_CONVERSION = YES;
				CLANG_WARN_OBJC_IMPLICIT_RETAIN_SELF = YES;
				CLANG_WARN_OBJC_LITERAL_CONVERSION = YES;
				CLANG_WARN_OBJC_ROOT_CLASS = YES_ERROR;
				CLANG_WARN_QUOTED_INCLUDE_IN_FRAMEWORK_HEADER = YES;
				CLANG_WARN_RANGE_LOOP_ANALYSIS = YES;
				CLANG_WARN_STRICT_PROTOTYPES = YES;
				CLANG_WARN_SUSPICIOUS_MOVE = YES;
				CLANG_WARN_UNGUARDED_AVAILABILITY = YES_AGGRESSIVE;
				CLANG_WARN_UNREACHABLE_CODE = YES;
				CLANG_WARN__DUPLICATE_METHOD_MATCH = YES;
				COPY_PHASE_STRIP = NO;
				DEBUG_INFORMATION_FORMAT = dwarf;
				ENABLE_STRICT_OBJC_MSGSEND = YES;
				ENABLE_TESTABILITY = YES;
				GCC_C_LANGUAGE_STANDARD = gnu11;
				GCC_DYNAMIC_NO_PIC = NO;
				GCC_NO_COMMON_BLOCKS = YES;
				GCC_OPTIMIZATION_LEVEL = 0;
				GCC_PREPROCESSOR_DEFINITIONS = (
					"DEBUG=1",
					"$(inherited)",
				);
				GCC_WARN_64_TO_32_BIT_CONVERSION = YES;
				GCC_WARN_ABOUT_RETURN_TYPE = YES_ERROR;
				GCC_WARN_UNDECLARED_SELECTOR = YES;
				GCC_WARN_UNINITIALIZED_AUTOS = YES_AGGRESSIVE;
				GCC_WARN_UNUSED_FUNCTION = YES;
				GCC_WARN_UNUSED_VARIABLE = YES;
				IPHONEOS_DEPLOYMENT_TARGET = 15.5;
				MTL_ENABLE_DEBUG_INFO = INCLUDE_SOURCE;
				MTL_FAST_MATH = YES;
				ONLY_ACTIVE_ARCH = YES;
				SDKROOT = iphoneos;
				SWIFT_ACTIVE_COMPILATION_CONDITIONS = DEBUG;
				SWIFT_OPTIMIZATION_LEVEL = "-Onone";
			};
			name = Debug;
		};
		2C365D18286B641300A0A79C /* Release */ = {
			isa = XCBuildConfiguration;
			buildSettings = {
				ALWAYS_SEARCH_USER_PATHS = NO;
				CLANG_ANALYZER_NONNULL = YES;
				CLANG_ANALYZER_NUMBER_OBJECT_CONVERSION = YES_AGGRESSIVE;
				CLANG_CXX_LANGUAGE_STANDARD = "gnu++17";
				CLANG_ENABLE_MODULES = YES;
				CLANG_ENABLE_OBJC_ARC = YES;
				CLANG_ENABLE_OBJC_WEAK = YES;
				CLANG_WARN_BLOCK_CAPTURE_AUTORELEASING = YES;
				CLANG_WARN_BOOL_CONVERSION = YES;
				CLANG_WARN_COMMA = YES;
				CLANG_WARN_CONSTANT_CONVERSION = YES;
				CLANG_WARN_DEPRECATED_OBJC_IMPLEMENTATIONS = YES;
				CLANG_WARN_DIRECT_OBJC_ISA_USAGE = YES_ERROR;
				CLANG_WARN_DOCUMENTATION_COMMENTS = YES;
				CLANG_WARN_EMPTY_BODY = YES;
				CLANG_WARN_ENUM_CONVERSION = YES;
				CLANG_WARN_INFINITE_RECURSION = YES;
				CLANG_WARN_INT_CONVERSION = YES;
				CLANG_WARN_NON_LITERAL_NULL_CONVERSION = YES;
				CLANG_WARN_OBJC_IMPLICIT_RETAIN_SELF = YES;
				CLANG_WARN_OBJC_LITERAL_CONVERSION = YES;
				CLANG_WARN_OBJC_ROOT_CLASS = YES_ERROR;
				CLANG_WARN_QUOTED_INCLUDE_IN_FRAMEWORK_HEADER = YES;
				CLANG_WARN_RANGE_LOOP_ANALYSIS = YES;
				CLANG_WARN_STRICT_PROTOTYPES = YES;
				CLANG_WARN_SUSPICIOUS_MOVE = YES;
				CLANG_WARN_UNGUARDED_AVAILABILITY = YES_AGGRESSIVE;
				CLANG_WARN_UNREACHABLE_CODE = YES;
				CLANG_WARN__DUPLICATE_METHOD_MATCH = YES;
				COPY_PHASE_STRIP = NO;
				DEBUG_INFORMATION_FORMAT = "dwarf-with-dsym";
				ENABLE_NS_ASSERTIONS = NO;
				ENABLE_STRICT_OBJC_MSGSEND = YES;
				GCC_C_LANGUAGE_STANDARD = gnu11;
				GCC_NO_COMMON_BLOCKS = YES;
				GCC_WARN_64_TO_32_BIT_CONVERSION = YES;
				GCC_WARN_ABOUT_RETURN_TYPE = YES_ERROR;
				GCC_WARN_UNDECLARED_SELECTOR = YES;
				GCC_WARN_UNINITIALIZED_AUTOS = YES_AGGRESSIVE;
				GCC_WARN_UNUSED_FUNCTION = YES;
				GCC_WARN_UNUSED_VARIABLE = YES;
				IPHONEOS_DEPLOYMENT_TARGET = 15.5;
				MTL_ENABLE_DEBUG_INFO = NO;
				MTL_FAST_MATH = YES;
				SDKROOT = iphoneos;
				SWIFT_COMPILATION_MODE = wholemodule;
				SWIFT_OPTIMIZATION_LEVEL = "-O";
				VALIDATE_PRODUCT = YES;
			};
			name = Release;
		};
		2C365D1A286B641300A0A79C /* Debug */ = {
			isa = XCBuildConfiguration;
			buildSettings = {
				ASSETCATALOG_COMPILER_APPICON_NAME = AppIcon;
				ASSETCATALOG_COMPILER_GLOBAL_ACCENT_COLOR_NAME = AccentColor;
				CODE_SIGN_STYLE = Automatic;
				CURRENT_PROJECT_VERSION = 1;
				DEVELOPMENT_ASSET_PATHS = "\"SaveTheKitttenExceptTheHairlessOnes/Preview Content\"";
				ENABLE_PREVIEWS = YES;
				GENERATE_INFOPLIST_FILE = YES;
				INFOPLIST_KEY_UIApplicationSceneManifest_Generation = YES;
				INFOPLIST_KEY_UIApplicationSupportsIndirectInputEvents = YES;
				INFOPLIST_KEY_UILaunchScreen_Generation = YES;
				INFOPLIST_KEY_UISupportedInterfaceOrientations_iPad = "UIInterfaceOrientationPortrait UIInterfaceOrientationPortraitUpsideDown UIInterfaceOrientationLandscapeLeft UIInterfaceOrientationLandscapeRight";
				INFOPLIST_KEY_UISupportedInterfaceOrientations_iPhone = "UIInterfaceOrientationPortrait UIInterfaceOrientationLandscapeLeft UIInterfaceOrientationLandscapeRight";
				LD_RUNPATH_SEARCH_PATHS = (
					"$(inherited)",
					"@executable_path/Frameworks",
				);
				MARKETING_VERSION = 1.0;
				PRODUCT_BUNDLE_IDENTIFIER = "Hari-Subedi.SaveTheKitttenExceptTheHairlessOnes";
				PRODUCT_NAME = "$(TARGET_NAME)";
				SWIFT_EMIT_LOC_STRINGS = YES;
				SWIFT_VERSION = 5.0;
				TARGETED_DEVICE_FAMILY = "1,2";
			};
			name = Debug;
		};
		2C365D1B286B641300A0A79C /* Release */ = {
			isa = XCBuildConfiguration;
			buildSettings = {
				ASSETCATALOG_COMPILER_APPICON_NAME = AppIcon;
				ASSETCATALOG_COMPILER_GLOBAL_ACCENT_COLOR_NAME = AccentColor;
				CODE_SIGN_STYLE = Automatic;
				CURRENT_PROJECT_VERSION = 1;
				DEVELOPMENT_ASSET_PATHS = "\"SaveTheKitttenExceptTheHairlessOnes/Preview Content\"";
				ENABLE_PREVIEWS = YES;
				GENERATE_INFOPLIST_FILE = YES;
				INFOPLIST_KEY_UIApplicationSceneManifest_Generation = YES;
				INFOPLIST_KEY_UIApplicationSupportsIndirectInputEvents = YES;
				INFOPLIST_KEY_UILaunchScreen_Generation = YES;
				INFOPLIST_KEY_UISupportedInterfaceOrientations_iPad = "UIInterfaceOrientationPortrait UIInterfaceOrientationPortraitUpsideDown UIInterfaceOrientationLandscapeLeft UIInterfaceOrientationLandscapeRight";
				INFOPLIST_KEY_UISupportedInterfaceOrientations_iPhone = "UIInterfaceOrientationPortrait UIInterfaceOrientationLandscapeLeft UIInterfaceOrientationLandscapeRight";
				LD_RUNPATH_SEARCH_PATHS = (
					"$(inherited)",
					"@executable_path/Frameworks",
				);
				MARKETING_VERSION = 1.0;
				PRODUCT_BUNDLE_IDENTIFIER = "Hari-Subedi.SaveTheKitttenExceptTheHairlessOnes";
				PRODUCT_NAME = "$(TARGET_NAME)";
				SWIFT_EMIT_LOC_STRINGS = YES;
				SWIFT_VERSION = 5.0;
				TARGETED_DEVICE_FAMILY = "1,2";
			};
			name = Release;
		};
		2C365D1D286B641300A0A79C /* Debug */ = {
			isa = XCBuildConfiguration;
			buildSettings = {
				ALWAYS_EMBED_SWIFT_STANDARD_LIBRARIES = YES;
				BUNDLE_LOADER = "$(TEST_HOST)";
				CODE_SIGN_STYLE = Automatic;
				CURRENT_PROJECT_VERSION = 1;
				GENERATE_INFOPLIST_FILE = YES;
				IPHONEOS_DEPLOYMENT_TARGET = 15.5;
				MARKETING_VERSION = 1.0;
				PRODUCT_BUNDLE_IDENTIFIER = "Hari-Subedi.SaveTheKitttenExceptTheHairlessOnesTests";
				PRODUCT_NAME = "$(TARGET_NAME)";
				SWIFT_EMIT_LOC_STRINGS = NO;
				SWIFT_VERSION = 5.0;
				TARGETED_DEVICE_FAMILY = "1,2";
				TEST_HOST = "$(BUILT_PRODUCTS_DIR)/SaveTheKitttenExceptTheHairlessOnes.app/SaveTheKitttenExceptTheHairlessOnes";
			};
			name = Debug;
		};
		2C365D1E286B641300A0A79C /* Release */ = {
			isa = XCBuildConfiguration;
			buildSettings = {
				ALWAYS_EMBED_SWIFT_STANDARD_LIBRARIES = YES;
				BUNDLE_LOADER = "$(TEST_HOST)";
				CODE_SIGN_STYLE = Automatic;
				CURRENT_PROJECT_VERSION = 1;
				GENERATE_INFOPLIST_FILE = YES;
				IPHONEOS_DEPLOYMENT_TARGET = 15.5;
				MARKETING_VERSION = 1.0;
				PRODUCT_BUNDLE_IDENTIFIER = "Hari-Subedi.SaveTheKitttenExceptTheHairlessOnesTests";
				PRODUCT_NAME = "$(TARGET_NAME)";
				SWIFT_EMIT_LOC_STRINGS = NO;
				SWIFT_VERSION = 5.0;
				TARGETED_DEVICE_FAMILY = "1,2";
				TEST_HOST = "$(BUILT_PRODUCTS_DIR)/SaveTheKitttenExceptTheHairlessOnes.app/SaveTheKitttenExceptTheHairlessOnes";
			};
			name = Release;
		};
		2C365D20286B641300A0A79C /* Debug */ = {
			isa = XCBuildConfiguration;
			buildSettings = {
				ALWAYS_EMBED_SWIFT_STANDARD_LIBRARIES = YES;
				CODE_SIGN_STYLE = Automatic;
				CURRENT_PROJECT_VERSION = 1;
				GENERATE_INFOPLIST_FILE = YES;
				MARKETING_VERSION = 1.0;
				PRODUCT_BUNDLE_IDENTIFIER = "Hari-Subedi.SaveTheKitttenExceptTheHairlessOnesUITests";
				PRODUCT_NAME = "$(TARGET_NAME)";
				SWIFT_EMIT_LOC_STRINGS = NO;
				SWIFT_VERSION = 5.0;
				TARGETED_DEVICE_FAMILY = "1,2";
				TEST_TARGET_NAME = SaveTheKitttenExceptTheHairlessOnes;
			};
			name = Debug;
		};
		2C365D21286B641300A0A79C /* Release */ = {
			isa = XCBuildConfiguration;
			buildSettings = {
				ALWAYS_EMBED_SWIFT_STANDARD_LIBRARIES = YES;
				CODE_SIGN_STYLE = Automatic;
				CURRENT_PROJECT_VERSION = 1;
				GENERATE_INFOPLIST_FILE = YES;
				MARKETING_VERSION = 1.0;
				PRODUCT_BUNDLE_IDENTIFIER = "Hari-Subedi.SaveTheKitttenExceptTheHairlessOnesUITests";
				PRODUCT_NAME = "$(TARGET_NAME)";
				SWIFT_EMIT_LOC_STRINGS = NO;
				SWIFT_VERSION = 5.0;
				TARGETED_DEVICE_FAMILY = "1,2";
				TEST_TARGET_NAME = SaveTheKitttenExceptTheHairlessOnes;
			};
			name = Release;
		};
/* End XCBuildConfiguration section */

/* Begin XCConfigurationList section */
		2C365CF0286B641000A0A79C /* Build configuration list for PBXProject "SaveTheKitttenExceptTheHairlessOnes" */ = {
			isa = XCConfigurationList;
			buildConfigurations = (
				2C365D17286B641300A0A79C /* Debug */,
				2C365D18286B641300A0A79C /* Release */,
			);
			defaultConfigurationIsVisible = 0;
			defaultConfigurationName = Release;
		};
		2C365D19286B641300A0A79C /* Build configuration list for PBXNativeTarget "SaveTheKitttenExceptTheHairlessOnes" */ = {
			isa = XCConfigurationList;
			buildConfigurations = (
				2C365D1A286B641300A0A79C /* Debug */,
				2C365D1B286B641300A0A79C /* Release */,
			);
			defaultConfigurationIsVisible = 0;
			defaultConfigurationName = Release;
		};
		2C365D1C286B641300A0A79C /* Build configuration list for PBXNativeTarget "SaveTheKitttenExceptTheHairlessOnesTests" */ = {
			isa = XCConfigurationList;
			buildConfigurations = (
				2C365D1D286B641300A0A79C /* Debug */,
				2C365D1E286B641300A0A79C /* Release */,
			);
			defaultConfigurationIsVisible = 0;
			defaultConfigurationName = Release;
		};
		2C365D1F286B641300A0A79C /* Build configuration list for PBXNativeTarget "SaveTheKitttenExceptTheHairlessOnesUITests" */ = {
			isa = XCConfigurationList;
			buildConfigurations = (
				2C365D20286B641300A0A79C /* Debug */,
				2C365D21286B641300A0A79C /* Release */,
			);
			defaultConfigurationIsVisible = 0;
			defaultConfigurationName = Release;
		};
/* End XCConfigurationList section */
	};
	rootObject = 2C365CED286B641000A0A79C /* Project object */;
}
